{
  "name": "led-strip-animation",
  "version": "1.0.0",
  "lockfileVersion": 1,
  "requires": true,
  "dependencies": {
    "@types/eases": {
      "version": "1.0.0",
      "resolved": "https://lht.app.lufthansa.com/artifactory/api/npm/npm-repos/@types/eases/-/eases-1.0.0.tgz",
      "integrity": "sha1-m6uxODH7XdWgO2SNP4trBXqup/o=",
      "dev": true
    },
    "@types/lodash": {
      "version": "4.14.123",
      "resolved": "https://lht.app.lufthansa.com/artifactory/api/npm/npm-repos/@types/lodash/-/lodash-4.14.123.tgz",
      "integrity": "sha1-Ob5dIRR4yN072umO51u37+Sr/k0=",
      "dev": true
    },
    "@types/node": {
      "version": "11.11.3",
      "resolved": "https://lht.app.lufthansa.com/artifactory/api/npm/npm-repos/@types/node/-/node-11.11.3.tgz",
      "integrity": "sha1-fGsPjq8WrlMHld4q0bhdNL8vXFg=",
      "dev": true
    },
    "@types/tinycolor2": {
      "version": "1.4.1",
      "resolved": "https://lht.app.lufthansa.com/artifactory/api/npm/npm-repos/@types/tinycolor2/-/tinycolor2-1.4.1.tgz",
      "integrity": "sha1-L1ZwydHW5ViJeoEO0oS0SRj8ElM="
    },
    "eases": {
      "version": "1.0.8",
      "resolved": "https://lht.app.lufthansa.com/artifactory/api/npm/npm-repos/eases/-/eases-1.0.8.tgz",
      "integrity": "sha1-8fUGmmtu0upRD5xhEDmNY+/pruY="
    },
    "lodash": {
      "version": "4.17.11",
      "resolved": "https://lht.app.lufthansa.com/artifactory/api/npm/npm-repos/lodash/-/lodash-4.17.11.tgz",
      "integrity": "sha1-s56mIp72B+zYniyN8SU2iRysm40="
    },
    "nan": {
      "version": "2.13.1",
      "resolved": "https://registry.npmjs.org/nan/-/nan-2.13.1.tgz",
      "integrity": "sha512-I6YB/YEuDeUZMmhscXKxGgZlFnhsn5y0hgOZBadkzfTRrZBtJDZeg6eQf7PYMIEclwmorTKK8GztsyOUSVBREA=="
    },
    "rpi-ws281x-native": {
      "version": "0.9.0",
      "resolved": "https://registry.npmjs.org/rpi-ws281x-native/-/rpi-ws281x-native-0.9.0.tgz",
      "integrity": "sha512-Wj5X2iZyI5LMzxQeUoRpQJLIMWmthFDiOrcgRsIjZaebyzLsM0QtZ309YSF0enDYNdSQj+y0pmn9+uDHyvO/8A==",
      "requires": {
        "nan": "^2.0.9"
      }
    },
    "tinycolor2": {
      "version": "1.4.1",
      "resolved": "https://lht.app.lufthansa.com/artifactory/api/npm/npm-repos/tinycolor2/-/tinycolor2-1.4.1.tgz",
      "integrity": "sha1-9PrTM0R7wLB9TcjpIJ2POaisd+g="
    },
    "tinygradient": {
      "version": "1.0.0",
      "resolved": "https://lht.app.lufthansa.com/artifactory/api/npm/npm-repos/tinygradient/-/tinygradient-1.0.0.tgz",
      "integrity": "sha1-aJCpQJTwrvg6fXlmHsEXcqoaAac=",
      "requires": {
        "@types/tinycolor2": "^1.4.0",
        "tinycolor2": "^1.0.0"
      }
    },
    "typescript": {
      "version": "3.3.3333",
      "resolved": "https://lht.app.lufthansa.com/artifactory/api/npm/npm-repos/typescript/-/typescript-3.3.3333.tgz",
      "integrity": "sha1-FxssWvZsWelDEZkRejvK3Gb9z9Y=",
      "dev": true
    }
  }
}
